
Microsoft Visual Studio Solution File, Format Version 12.00
# Visual Studio Version 16
VisualStudioVersion = 16.0.34601.136
MinimumVisualStudioVersion = 10.0.40219.1
Project("{FAE04EC0-301F-11D3-BF4B-00C04F79EFBC}") = "Lesson3", "Lesson3\Lesson3.csproj", "{660EF8A2-9A00-43A3-928D-45D29AC425AA}"
EndProject
Global
	GlobalSection(SolutionConfigurationPlatforms) = preSolution
		Debug|Any CPU = Debug|Any CPU
		Release|Any CPU = Release|Any CPU
	EndGlobalSection
	GlobalSection(ProjectConfigurationPlatforms) = postSolution
		{660EF8A2-9A00-43A3-928D-45D29AC425AA}.Debug|Any CPU.ActiveCfg = Debug|Any CPU
		{660EF8A2-9A00-43A3-928D-45D29AC425AA}.Debug|Any CPU.Build.0 = Debug|Any CPU
		{660EF8A2-9A00-43A3-928D-45D29AC425AA}.Release|Any CPU.ActiveCfg = Release|Any CPU
		{660EF8A2-9A00-43A3-928D-45D29AC425AA}.Release|Any CPU.Build.0 = Release|Any CPU
	EndGlobalSection
	GlobalSection(SolutionProperties) = preSolution
		HideSolutionNode = FALSE
	EndGlobalSection
	GlobalSection(ExtensibilityGlobals) = postSolution
		SolutionGuid = {676E0FA6-8F6D-4C82-8627-6E21CD26BFAE}
	EndGlobalSection
EndGlobal
