
Microsoft Visual Studio Solution File, Format Version 12.00
# Visual Studio Version 16
VisualStudioVersion = 16.0.34601.136
MinimumVisualStudioVersion = 10.0.40219.1
Project("{FAE04EC0-301F-11D3-BF4B-00C04F79EFBC}") = "LtkK22Cnt4Lesson11Cb", "LtkK22Cnt4Lesson11Cb\LtkK22Cnt4Lesson11Cb.csproj", "{55116180-2B6F-4D0A-9184-8C18BABB0EF7}"
EndProject
Global
	GlobalSection(SolutionConfigurationPlatforms) = preSolution
		Debug|Any CPU = Debug|Any CPU
		Release|Any CPU = Release|Any CPU
	EndGlobalSection
	GlobalSection(ProjectConfigurationPlatforms) = postSolution
		{55116180-2B6F-4D0A-9184-8C18BABB0EF7}.Debug|Any CPU.ActiveCfg = Debug|Any CPU
		{55116180-2B6F-4D0A-9184-8C18BABB0EF7}.Debug|Any CPU.Build.0 = Debug|Any CPU
		{55116180-2B6F-4D0A-9184-8C18BABB0EF7}.Release|Any CPU.ActiveCfg = Release|Any CPU
		{55116180-2B6F-4D0A-9184-8C18BABB0EF7}.Release|Any CPU.Build.0 = Release|Any CPU
	EndGlobalSection
	GlobalSection(SolutionProperties) = preSolution
		HideSolutionNode = FALSE
	EndGlobalSection
	GlobalSection(ExtensibilityGlobals) = postSolution
		SolutionGuid = {4A60A778-F4ED-4444-9F33-D1698C6E2B0F}
	EndGlobalSection
EndGlobal
