
Microsoft Visual Studio Solution File, Format Version 12.00
# Visual Studio Version 16
VisualStudioVersion = 16.0.34601.136
MinimumVisualStudioVersion = 10.0.40219.1
Project("{FAE04EC0-301F-11D3-BF4B-00C04F79EFBC}") = "LeTrungKien_2210900034", "LeTrungKien_2210900034\LeTrungKien_2210900034.csproj", "{7631A8D0-C5BD-46C4-9F20-E059E6BCA44C}"
EndProject
Global
	GlobalSection(SolutionConfigurationPlatforms) = preSolution
		Debug|Any CPU = Debug|Any CPU
		Release|Any CPU = Release|Any CPU
	EndGlobalSection
	GlobalSection(ProjectConfigurationPlatforms) = postSolution
		{7631A8D0-C5BD-46C4-9F20-E059E6BCA44C}.Debug|Any CPU.ActiveCfg = Debug|Any CPU
		{7631A8D0-C5BD-46C4-9F20-E059E6BCA44C}.Debug|Any CPU.Build.0 = Debug|Any CPU
		{7631A8D0-C5BD-46C4-9F20-E059E6BCA44C}.Release|Any CPU.ActiveCfg = Release|Any CPU
		{7631A8D0-C5BD-46C4-9F20-E059E6BCA44C}.Release|Any CPU.Build.0 = Release|Any CPU
	EndGlobalSection
	GlobalSection(SolutionProperties) = preSolution
		HideSolutionNode = FALSE
	EndGlobalSection
	GlobalSection(ExtensibilityGlobals) = postSolution
		SolutionGuid = {74FD4F2D-5CA9-4651-BB64-24D842332829}
	EndGlobalSection
EndGlobal
