
Microsoft Visual Studio Solution File, Format Version 12.00
# Visual Studio Version 16
VisualStudioVersion = 16.0.34601.136
MinimumVisualStudioVersion = 10.0.40219.1
Project("{FAE04EC0-301F-11D3-BF4B-00C04F79EFBC}") = "LtkK22CNT4Lesson07DF", "LtkK22CNT4Lesson07DF\LtkK22CNT4Lesson07DF.csproj", "{93DCFE3E-2722-4D08-970A-9CB34461795A}"
EndProject
Global
	GlobalSection(SolutionConfigurationPlatforms) = preSolution
		Debug|Any CPU = Debug|Any CPU
		Release|Any CPU = Release|Any CPU
	EndGlobalSection
	GlobalSection(ProjectConfigurationPlatforms) = postSolution
		{93DCFE3E-2722-4D08-970A-9CB34461795A}.Debug|Any CPU.ActiveCfg = Debug|Any CPU
		{93DCFE3E-2722-4D08-970A-9CB34461795A}.Debug|Any CPU.Build.0 = Debug|Any CPU
		{93DCFE3E-2722-4D08-970A-9CB34461795A}.Release|Any CPU.ActiveCfg = Release|Any CPU
		{93DCFE3E-2722-4D08-970A-9CB34461795A}.Release|Any CPU.Build.0 = Release|Any CPU
	EndGlobalSection
	GlobalSection(SolutionProperties) = preSolution
		HideSolutionNode = FALSE
	EndGlobalSection
	GlobalSection(ExtensibilityGlobals) = postSolution
		SolutionGuid = {7031DB50-E2A1-4038-BCEE-30083BA22332}
	EndGlobalSection
EndGlobal
