
Microsoft Visual Studio Solution File, Format Version 12.00
# Visual Studio Version 16
VisualStudioVersion = 16.0.34601.136
MinimumVisualStudioVersion = 10.0.40219.1
Project("{FAE04EC0-301F-11D3-BF4B-00C04F79EFBC}") = "bài tập tự làm", "bài tập tự làm\bài tập tự làm.csproj", "{23FB75AC-4248-41D7-A111-1E503BF130F3}"
EndProject
Global
	GlobalSection(SolutionConfigurationPlatforms) = preSolution
		Debug|Any CPU = Debug|Any CPU
		Release|Any CPU = Release|Any CPU
	EndGlobalSection
	GlobalSection(ProjectConfigurationPlatforms) = postSolution
		{23FB75AC-4248-41D7-A111-1E503BF130F3}.Debug|Any CPU.ActiveCfg = Debug|Any CPU
		{23FB75AC-4248-41D7-A111-1E503BF130F3}.Debug|Any CPU.Build.0 = Debug|Any CPU
		{23FB75AC-4248-41D7-A111-1E503BF130F3}.Release|Any CPU.ActiveCfg = Release|Any CPU
		{23FB75AC-4248-41D7-A111-1E503BF130F3}.Release|Any CPU.Build.0 = Release|Any CPU
	EndGlobalSection
	GlobalSection(SolutionProperties) = preSolution
		HideSolutionNode = FALSE
	EndGlobalSection
	GlobalSection(ExtensibilityGlobals) = postSolution
		SolutionGuid = {98F63BB1-2788-4711-B9F9-ABE4358ADF07}
	EndGlobalSection
EndGlobal
